
Microsoft Visual Studio Solution File, Format Version 12.00
# Visual Studio 15
VisualStudioVersion = 15.0.28010.2050
MinimumVisualStudioVersion = 10.0.40219.1
Project("{FAE04EC0-301F-11D3-BF4B-00C04F79EFBC}") = "GamesCatalogV", "GamesCatalogV\GamesCatalogV.csproj", "{56391B33-8700-4CAF-9B58-33AFAA2A4E78}"
EndProject
Global
	GlobalSection(SolutionConfigurationPlatforms) = preSolution
		Debug|Any CPU = Debug|Any CPU
		Release|Any CPU = Release|Any CPU
	EndGlobalSection
	GlobalSection(ProjectConfigurationPlatforms) = postSolution
		{56391B33-8700-4CAF-9B58-33AFAA2A4E78}.Debug|Any CPU.ActiveCfg = Debug|Any CPU
		{56391B33-8700-4CAF-9B58-33AFAA2A4E78}.Debug|Any CPU.Build.0 = Debug|Any CPU
		{56391B33-8700-4CAF-9B58-33AFAA2A4E78}.Release|Any CPU.ActiveCfg = Release|Any CPU
		{56391B33-8700-4CAF-9B58-33AFAA2A4E78}.Release|Any CPU.Build.0 = Release|Any CPU
	EndGlobalSection
	GlobalSection(SolutionProperties) = preSolution
		HideSolutionNode = FALSE
	EndGlobalSection
	GlobalSection(ExtensibilityGlobals) = postSolution
		SolutionGuid = {3BC6324E-1847-4787-8B8E-6A2A9627B178}
	EndGlobalSection
EndGlobal
